
Microsoft Visual Studio Solution File, Format Version 12.00
# Visual Studio Version 16
VisualStudioVersion = 16.0.29806.167
MinimumVisualStudioVersion = 10.0.40219.1
Project("{FAE04EC0-301F-11D3-BF4B-00C04F79EFBC}") = "Speedrun Serial Interface", "Speedrun Serial Interface\Speedrun Serial Interface.csproj", "{FBFAC401-733C-4673-B757-D0BD7B0BD8B1}"
EndProject
Global
	GlobalSection(SolutionConfigurationPlatforms) = preSolution
		Debug|Any CPU = Debug|Any CPU
		Release|Any CPU = Release|Any CPU
	EndGlobalSection
	GlobalSection(ProjectConfigurationPlatforms) = postSolution
		{FBFAC401-733C-4673-B757-D0BD7B0BD8B1}.Debug|Any CPU.ActiveCfg = Debug|Any CPU
		{FBFAC401-733C-4673-B757-D0BD7B0BD8B1}.Debug|Any CPU.Build.0 = Debug|Any CPU
		{FBFAC401-733C-4673-B757-D0BD7B0BD8B1}.Release|Any CPU.ActiveCfg = Release|Any CPU
		{FBFAC401-733C-4673-B757-D0BD7B0BD8B1}.Release|Any CPU.Build.0 = Release|Any CPU
	EndGlobalSection
	GlobalSection(SolutionProperties) = preSolution
		HideSolutionNode = FALSE
	EndGlobalSection
	GlobalSection(ExtensibilityGlobals) = postSolution
		SolutionGuid = {50706E55-FA38-4F3C-8A0F-7AA28CDB608E}
	EndGlobalSection
EndGlobal
